
Microsoft Visual Studio Solution File, Format Version 12.00
# Visual Studio Version 16
VisualStudioVersion = 16.0.29519.87
MinimumVisualStudioVersion = 10.0.40219.1
Project("{FAE04EC0-301F-11D3-BF4B-00C04F79EFBC}") = "Bootleg", "Bootleg.csproj", "{62392389-ACFD-442B-B827-E4D95CC6CE3C}"
EndProject
Global
	GlobalSection(SolutionConfigurationPlatforms) = preSolution
		Debug|Any CPU = Debug|Any CPU
		Release|Any CPU = Release|Any CPU
	EndGlobalSection
	GlobalSection(ProjectConfigurationPlatforms) = postSolution
		{62392389-ACFD-442B-B827-E4D95CC6CE3C}.Debug|Any CPU.ActiveCfg = Debug|Any CPU
		{62392389-ACFD-442B-B827-E4D95CC6CE3C}.Debug|Any CPU.Build.0 = Debug|Any CPU
		{62392389-ACFD-442B-B827-E4D95CC6CE3C}.Release|Any CPU.ActiveCfg = Release|Any CPU
		{62392389-ACFD-442B-B827-E4D95CC6CE3C}.Release|Any CPU.Build.0 = Release|Any CPU
	EndGlobalSection
	GlobalSection(SolutionProperties) = preSolution
		HideSolutionNode = FALSE
	EndGlobalSection
	GlobalSection(ExtensibilityGlobals) = postSolution
		SolutionGuid = {666CC945-5D74-40FA-A9EA-78DFF4A6EE51}
	EndGlobalSection
EndGlobal
